
Microsoft Visual Studio Solution File, Format Version 12.00
# Visual Studio Version 17
VisualStudioVersion = 17.10.35027.167
MinimumVisualStudioVersion = 10.0.40219.1
Project("{FAE04EC0-301F-11D3-BF4B-00C04F79EFBC}") = "testsignar", "testsignar.csproj", "{7F858DE9-55C2-4ADA-9238-15701BFDBF78}"
EndProject
Global
	GlobalSection(SolutionConfigurationPlatforms) = preSolution
		Debug|Any CPU = Debug|Any CPU
		Release|Any CPU = Release|Any CPU
	EndGlobalSection
	GlobalSection(ProjectConfigurationPlatforms) = postSolution
		{7F858DE9-55C2-4ADA-9238-15701BFDBF78}.Debug|Any CPU.ActiveCfg = Debug|Any CPU
		{7F858DE9-55C2-4ADA-9238-15701BFDBF78}.Debug|Any CPU.Build.0 = Debug|Any CPU
		{7F858DE9-55C2-4ADA-9238-15701BFDBF78}.Release|Any CPU.ActiveCfg = Release|Any CPU
		{7F858DE9-55C2-4ADA-9238-15701BFDBF78}.Release|Any CPU.Build.0 = Release|Any CPU
	EndGlobalSection
	GlobalSection(SolutionProperties) = preSolution
		HideSolutionNode = FALSE
	EndGlobalSection
	GlobalSection(ExtensibilityGlobals) = postSolution
		SolutionGuid = {DDAE6F3B-872C-4808-95C0-80D83F128A05}
	EndGlobalSection
EndGlobal
